
Microsoft Visual Studio Solution File, Format Version 12.00
Project("{FAE04EC0-301F-11D3-BF4B-00C04F79EFBC}") = "SlackBot.Api", "SlackBot.Api\SlackBot.Api.csproj", "{CC5EA342-3E41-4099-93BD-F26390178585}"
EndProject
Project("{FAE04EC0-301F-11D3-BF4B-00C04F79EFBC}") = "SlackBot.Samples", "SlackBot.Samples\SlackBot.Samples.csproj", "{020C6286-C3BD-4A11-A0CC-27D80BE9B13E}"
EndProject
Project("{FAE04EC0-301F-11D3-BF4B-00C04F79EFBC}") = "SlackBot.Tests", "SlackBot.Tests\SlackBot.Tests.csproj", "{0228397D-E352-4DBF-8EAE-C42CEEB6AD00}"
EndProject
Global
	GlobalSection(SolutionConfigurationPlatforms) = preSolution
		Debug|Any CPU = Debug|Any CPU
		Release|Any CPU = Release|Any CPU
	EndGlobalSection
	GlobalSection(ProjectConfigurationPlatforms) = postSolution
		{CC5EA342-3E41-4099-93BD-F26390178585}.Debug|Any CPU.ActiveCfg = Debug|Any CPU
		{CC5EA342-3E41-4099-93BD-F26390178585}.Debug|Any CPU.Build.0 = Debug|Any CPU
		{CC5EA342-3E41-4099-93BD-F26390178585}.Release|Any CPU.ActiveCfg = Release|Any CPU
		{CC5EA342-3E41-4099-93BD-F26390178585}.Release|Any CPU.Build.0 = Release|Any CPU
		{020C6286-C3BD-4A11-A0CC-27D80BE9B13E}.Debug|Any CPU.ActiveCfg = Debug|Any CPU
		{020C6286-C3BD-4A11-A0CC-27D80BE9B13E}.Debug|Any CPU.Build.0 = Debug|Any CPU
		{020C6286-C3BD-4A11-A0CC-27D80BE9B13E}.Release|Any CPU.ActiveCfg = Release|Any CPU
		{020C6286-C3BD-4A11-A0CC-27D80BE9B13E}.Release|Any CPU.Build.0 = Release|Any CPU
		{0228397D-E352-4DBF-8EAE-C42CEEB6AD00}.Debug|Any CPU.ActiveCfg = Debug|Any CPU
		{0228397D-E352-4DBF-8EAE-C42CEEB6AD00}.Debug|Any CPU.Build.0 = Debug|Any CPU
		{0228397D-E352-4DBF-8EAE-C42CEEB6AD00}.Release|Any CPU.ActiveCfg = Release|Any CPU
		{0228397D-E352-4DBF-8EAE-C42CEEB6AD00}.Release|Any CPU.Build.0 = Release|Any CPU
	EndGlobalSection
EndGlobal
